
Microsoft Visual Studio Solution File, Format Version 12.00
# Visual Studio Version 16
VisualStudioVersion = 25.0.1706.1
MinimumVisualStudioVersion = 10.0.40219.1
Project("{FAE04EC0-301F-11D3-BF4B-00C04F79EFBC}") = "VMTranslator", "VMTranslator\VMTranslator.csproj", "{DFE41B84-20DE-4D57-BB7D-B540FEA4375C}"
EndProject
Global
	GlobalSection(SolutionConfigurationPlatforms) = preSolution
		Debug|Any CPU = Debug|Any CPU
		Release|Any CPU = Release|Any CPU
	EndGlobalSection
	GlobalSection(ProjectConfigurationPlatforms) = postSolution
		{DFE41B84-20DE-4D57-BB7D-B540FEA4375C}.Debug|Any CPU.ActiveCfg = Debug|Any CPU
		{DFE41B84-20DE-4D57-BB7D-B540FEA4375C}.Debug|Any CPU.Build.0 = Debug|Any CPU
		{DFE41B84-20DE-4D57-BB7D-B540FEA4375C}.Release|Any CPU.ActiveCfg = Release|Any CPU
		{DFE41B84-20DE-4D57-BB7D-B540FEA4375C}.Release|Any CPU.Build.0 = Release|Any CPU
	EndGlobalSection
	GlobalSection(SolutionProperties) = preSolution
		HideSolutionNode = FALSE
	EndGlobalSection
	GlobalSection(ExtensibilityGlobals) = postSolution
		SolutionGuid = {EF716F87-D00A-4D12-8166-62770179C03E}
	EndGlobalSection
EndGlobal
